github.com/davecgh/go-spew v1.1.1/go.mod h1:J7Y8YcW2NihsgmVo/mv3lAwl/skON4iLHjSsI+c5H38=
github.com/djumanoff/amqp v1.0.5 h1:U/smgzHKiZQWzyFOm3RWfUctC31XA2gmUTFvcB4SDOc=
github.com/djumanoff/amqp v1.0.5/go.mod h1:iMGsrDyTlB0+Wx2WQQPo2eqyKMHWdv/XsLyv780DUe8=
github.com/kirigaikabuto/products-lib v0.0.0-20200825125458-43ce90166110 h1:nep8SWokQlOW55ruYZmZ7NNWebksIOlE2PpnNUKkTVk=
github.com/kirigaikabuto/products-lib v0.0.0-20200825125458-43ce90166110/go.mod h1:sZ0re5pt36h6Fq0fGzwZneabUmXT8LSUoUbJvJfX3gw=
github.com/kirigaikabuto/products-lib v0.0.0-20200825150657-69b4c65089d8 h1:opFMHl4ghWLjWcKf+U4jmkZ/kIKMFy7uytSQsMSpk9Q=
github.com/kirigaikabuto/products-lib v0.0.0-20200825150657-69b4c65089d8/go.mod h1:sZ0re5pt36h6Fq0fGzwZneabUmXT8LSUoUbJvJfX3gw=
github.com/kirigaikabuto/products-lib v0.0.0-20200825151939-c47585ae13c3 h1:ug2AQjIbgspZ0wJ4Wf+1vc0q+beTDhUOln065RFQ2pc=
github.com/kirigaikabuto/products-lib v0.0.0-20200825151939-c47585ae13c3/go.mod h1:sZ0re5pt36h6Fq0fGzwZneabUmXT8LSUoUbJvJfX3gw=
github.com/kirigaikabuto/products-lib v1.0.1-0.20200825162026-22b83dc0b0fb h1:mxwgHlchZYk6/vV1ncHQC4J5DyOvWA/EYyff1t13SGc=
github.com/kirigaikabuto/products-lib v1.0.1-0.20200825162026-22b83dc0b0fb/go.mod h1:sZ0re5pt36h6Fq0fGzwZneabUmXT8LSUoUbJvJfX3gw=
github.com/kirigaikabuto/products-lib v1.0.1-0.20200825162952-b7222700fb85 h1:3VDAXNGwM9ZnsqTuHX0dwlrQe/l/jqph4c/5+QePBEM=
github.com/kirigaikabuto/products-lib v1.0.1-0.20200825162952-b7222700fb85/go.mod h1:sZ0re5pt36h6Fq0fGzwZneabUmXT8LSUoUbJvJfX3gw=
github.com/kirigaikabuto/products-lib v1.0.1-0.20200825170330-df12c3c5d49e h1:WxCoIVnANRsRBi/4PR95jPbRZLR8ONTdaQycCbZbr2Y=
github.com/kirigaikabuto/products-lib v1.0.1-0.20200825170330-df12c3c5d49e/go.mod h1:sZ0re5pt36h6Fq0fGzwZneabUmXT8LSUoUbJvJfX3gw=
github.com/kirigaikabuto/products-lib v1.0.1-0.20200825170821-64bb47f0c68e h1:zkwGZ0iWtTeAAbfab2q+zcCHL0so61s6SLW1NUuWUuU=
github.com/kirigaikabuto/products-lib v1.0.1-0.20200825170821-64bb47f0c68e/go.mod h1:sZ0re5pt36h6Fq0fGzwZneabUmXT8LSUoUbJvJfX3gw=
github.com/kirigaikabuto/products-lib v1.0.1-0.20200825173117-e2a5219322db h1:LM/4zOtM7CJHBukpm+PJvnr9qybfs1QcWJJpKDEuI1w=
github.com/kirigaikabuto/products-lib v1.0.1-0.20200825173117-e2a5219322db/go.mod h1:sZ0re5pt36h6Fq0fGzwZneabUmXT8LSUoUbJvJfX3gw=
github.com/kirigaikabuto/products-lib v1.0.1-0.20200827115334-fc749544a9d9 h1:kMhJZtjXyM0+nrGoLtTDfT+ZzJmInJ/6jypmo/tDMp8=
github.com/kirigaikabuto/products-lib v1.0.1-0.20200827115334-fc749544a9d9/go.mod h1:sZ0re5pt36h6Fq0fGzwZneabUmXT8LSUoUbJvJfX3gw=
github.com/kirigaikabuto/products-lib v1.0.1-0.20200827162212-67b616112a90 h1:wI2/kvE7/JLHZkFLW17880I/qbUO3s3XlkaOGATDBz8=
github.com/kirigaikabuto/products-lib v1.0.1-0.20200827162212-67b616112a90/go.mod h1:sZ0re5pt36h6Fq0fGzwZneabUmXT8LSUoUbJvJfX3gw=
github.com/konsorten/go-windows-terminal-sequences v0.0.0-20180402223658-b729f2633dfe h1:CHRGQ8V7OlCYtwaKPJi3iA7J+YdNKdo8j7nG5IgDhjs=
github.com/konsorten/go-windows-terminal-sequences v0.0.0-20180402223658-b729f2633dfe/go.mod h1:T0+1ngSBFLxvqU3pZ+m/2kptfBszLMUkC4ZK/EgS/cQ=
github.com/konsorten/go-windows-terminal-sequences v1.0.3 h1:CE8S1cTafDpPvMhIxNJKvHsGVBgn1xWYf1NbHQhywc8=
github.com/konsorten/go-windows-terminal-sequences v1.0.3/go.mod h1:T0+1ngSBFLxvqU3pZ+m/2kptfBszLMUkC4ZK/EgS/cQ=
github.com/lib/pq v1.8.0 h1:9xohqzkUwzR4Ga4ivdTcawVS89YSDVxXMa3xJX3cGzg=
github.com/lib/pq v1.8.0/go.mod h1:AlVN5x4E4T544tWzH6hKfbfQvm3HdbOxrmggDNAPY9o=
github.com/pmezard/go-difflib v1.0.0/go.mod h1:iKH77koFhYxTK1pcRnkKkqfTogsbg7gZNVY4sRDYZ/4=
github.com/sirupsen/logrus v1.1.0 h1:65VZabgUiV9ktjGM5nTq0+YurgTyX+YI2lSSfDjI+qU=
github.com/sirupsen/logrus v1.1.0/go.mod h1:zrgwTnHtNr00buQ1vSptGe8m1f/BbgsPukg8qsT7A+A=
github.com/sirupsen/logrus v1.6.0 h1:UBcNElsrwanuuMsnGSlYmtmgbb23qDR5dG+6X6Oo89I=
github.com/sirupsen/logrus v1.6.0/go.mod h1:7uNnSEd1DgxDLC74fIahvMZmmYsHGZGEOFrfsX/uA88=
github.com/streadway/amqp v0.0.0-20180806233856-70e15c650864 h1:Oj3PUEs+OUSYUpn35O+BE/ivHGirKixA3+vqA0Atu9A=
github.com/streadway/amqp v0.0.0-20180806233856-70e15c650864/go.mod h1:1WNBiOZtZQLpVAyu0iTduoJL9hEsMloAK5XWrtW0xdY=
github.com/streadway/amqp v1.0.0 h1:kuuDrUJFZL1QYL9hUNuCxNObNzB0bV/ZG5jV3RWAQgo=
github.com/streadway/amqp v1.0.0/go.mod h1:AZpEONHx3DKn8O/DFsRAY58/XVQiIPMTMB1SddzLXVw=
github.com/stretchr/testify v1.2.2/go.mod h1:a8OnRcib4nhh0OaRAV+Yts87kKdq0PP7pXfy6kDkUVs=
golang.org/x/crypto v0.0.0-20180904163835-0709b304e793 h1:u+LnwYTOOW7Ukr/fppxEb1Nwz0AtPflrblfvUudpo+I=
golang.org/x/crypto v0.0.0-20180904163835-0709b304e793/go.mod h1:6SG95UA2DQfeDnfUPMdvaQW0Q7yPrPDi9nlGo2tz2b4=
golang.org/x/crypto v0.0.0-20190308221718-c2843e01d9a2/go.mod h1:djNgcEr1/C05ACkg1iLfiJU5Ep61QUkGW8qpdssI0+w=
golang.org/x/crypto v0.0.0-20200820211705-5c72a883971a/go.mod h1:LzIPMQfyMNhhGPhUkYOs5KpL4U8rLKemX1yGLhDgUto=
golang.org/x/net v0.0.0-20190404232315-eb5bcb51f2a3/go.mod h1:t9HGtf8HONx5eT2rtn7q6eTqICYqUVnKs3thJo3Qplg=
golang.org/x/sys v0.0.0-20180905080454-ebe1bf3edb33 h1:I6FyU15t786LL7oL/hn43zqTuEGr4PN7F4XJ1p4E3Y8=
golang.org/x/sys v0.0.0-20180905080454-ebe1bf3edb33/go.mod h1:STP8DvDyc/dI5b8T5hshtkjS+E42TnysNCUPdjciGhY=
golang.org/x/sys v0.0.0-20190215142949-d0b11bdaac8a/go.mod h1:STP8DvDyc/dI5b8T5hshtkjS+E42TnysNCUPdjciGhY=
golang.org/x/sys v0.0.0-20190412213103-97732733099d/go.mod h1:h1NjWce9XRLGQEsW7wpKNCjG9DtNlClVuFLEZdDNbEs=
golang.org/x/sys v0.0.0-20190422165155-953cdadca894/go.mod h1:h1NjWce9XRLGQEsW7wpKNCjG9DtNlClVuFLEZdDNbEs=
golang.org/x/sys v0.0.0-20200824131525-c12d262b63d8 h1:AvbQYmiaaaza3cW3QXRyPo5kYgpFIzOAfeAAN7m3qQ4=
golang.org/x/sys v0.0.0-20200824131525-c12d262b63d8/go.mod h1:h1NjWce9XRLGQEsW7wpKNCjG9DtNlClVuFLEZdDNbEs=
golang.org/x/sys v0.0.0-20200826173525-f9321e4c35a6 h1:DvY3Zkh7KabQE/kfzMvYvKirSiguP9Q/veMtkYyf0o8=
golang.org/x/sys v0.0.0-20200826173525-f9321e4c35a6/go.mod h1:h1NjWce9XRLGQEsW7wpKNCjG9DtNlClVuFLEZdDNbEs=
golang.org/x/text v0.3.0/go.mod h1:NqM8EUOU14njkJ3fqMW+pc6Ldnwhi/IjpwHt7yyuwOQ=
